
Microsoft Visual Studio Solution File, Format Version 12.00
# Visual Studio Version 17
VisualStudioVersion = 17.0.32126.317
MinimumVisualStudioVersion = 10.0.40219.1
Project("{FAE04EC0-301F-11D3-BF4B-00C04F79EFBC}") = "task3", "task3.csproj", "{44FBC894-ED86-4A95-8D28-590672AFC677}"
EndProject
Global
	GlobalSection(SolutionConfigurationPlatforms) = preSolution
		Debug|Any CPU = Debug|Any CPU
		Release|Any CPU = Release|Any CPU
	EndGlobalSection
	GlobalSection(ProjectConfigurationPlatforms) = postSolution
		{44FBC894-ED86-4A95-8D28-590672AFC677}.Debug|Any CPU.ActiveCfg = Debug|Any CPU
		{44FBC894-ED86-4A95-8D28-590672AFC677}.Debug|Any CPU.Build.0 = Debug|Any CPU
		{44FBC894-ED86-4A95-8D28-590672AFC677}.Release|Any CPU.ActiveCfg = Release|Any CPU
		{44FBC894-ED86-4A95-8D28-590672AFC677}.Release|Any CPU.Build.0 = Release|Any CPU
	EndGlobalSection
	GlobalSection(SolutionProperties) = preSolution
		HideSolutionNode = FALSE
	EndGlobalSection
	GlobalSection(ExtensibilityGlobals) = postSolution
		SolutionGuid = {3FD4AD09-11A8-4405-BDFA-797F7081B570}
	EndGlobalSection
EndGlobal
